
Microsoft Visual Studio Solution File, Format Version 12.00
# Visual Studio Version 17
VisualStudioVersion = 17.7.34024.191
MinimumVisualStudioVersion = 10.0.40219.1
Project("{FAE04EC0-301F-11D3-BF4B-00C04F79EFBC}") = "Kill Stars", "Kill Stars\Kill Stars.csproj", "{25075893-EFF3-4FF2-B391-2A6167F4C9A6}"
EndProject
Global
	GlobalSection(SolutionConfigurationPlatforms) = preSolution
		Debug|Any CPU = Debug|Any CPU
		Release|Any CPU = Release|Any CPU
	EndGlobalSection
	GlobalSection(ProjectConfigurationPlatforms) = postSolution
		{25075893-EFF3-4FF2-B391-2A6167F4C9A6}.Debug|Any CPU.ActiveCfg = Debug|Any CPU
		{25075893-EFF3-4FF2-B391-2A6167F4C9A6}.Debug|Any CPU.Build.0 = Debug|Any CPU
		{25075893-EFF3-4FF2-B391-2A6167F4C9A6}.Release|Any CPU.ActiveCfg = Release|Any CPU
		{25075893-EFF3-4FF2-B391-2A6167F4C9A6}.Release|Any CPU.Build.0 = Release|Any CPU
	EndGlobalSection
	GlobalSection(SolutionProperties) = preSolution
		HideSolutionNode = FALSE
	EndGlobalSection
	GlobalSection(ExtensibilityGlobals) = postSolution
		SolutionGuid = {89DBCD3C-D6DB-4440-A19F-453A1C8F8AD4}
	EndGlobalSection
EndGlobal
